
Microsoft Visual Studio Solution File, Format Version 12.00
# Visual Studio 15
VisualStudioVersion = 15.0.27130.2036
MinimumVisualStudioVersion = 10.0.40219.1
Project("{FAE04EC0-301F-11D3-BF4B-00C04F79EFBC}") = "AnagramQuestion", "Anagram\AnagramQuestion.csproj", "{19D8E13B-541E-4041-9CBD-B1EDD94F0C56}"
EndProject
Project("{FAE04EC0-301F-11D3-BF4B-00C04F79EFBC}") = "ArrayEqualsQuestion", "ArrayEquals\ArrayEqualsQuestion.csproj", "{5E3D7836-38A6-4AB5-B23D-C4BC6A6C945D}"
EndProject
Project("{FAE04EC0-301F-11D3-BF4B-00C04F79EFBC}") = "CountPossibleDecodingsQuestion", "CountPossibleDecodings\CountPossibleDecodingsQuestion.csproj", "{0310D9CE-E7AA-4093-9CF2-12760EE6AFCB}"
EndProject
Project("{FAE04EC0-301F-11D3-BF4B-00C04F79EFBC}") = "ExcelColumnNameQuestion", "ExcelColumnName\ExcelColumnNameQuestion.csproj", "{5FF14875-31CE-44B7-93D3-1EFECCC2075F}"
EndProject
Project("{FAE04EC0-301F-11D3-BF4B-00C04F79EFBC}") = "FactorialQuestion", "Factorial\FactorialQuestion.csproj", "{77D249AB-C8E8-4530-99FB-D75E91000A64}"
EndProject
Project("{FAE04EC0-301F-11D3-BF4B-00C04F79EFBC}") = "FibonacciQuestion", "FibonacciQuestion\FibonacciQuestion.csproj", "{1BC2D3A0-A4A2-4CA2-8911-A80CE779F4AD}"
EndProject
Project("{FAE04EC0-301F-11D3-BF4B-00C04F79EFBC}") = "LongestContinuousStringOfRepeatingCharsQuestion", "LongestContinuousStringOfRepeatingCharsQuestion\LongestContinuousStringOfRepeatingCharsQuestion.csproj", "{D6E48D64-A0B1-40D7-9B18-732C1E8E7A2D}"
EndProject
Project("{FAE04EC0-301F-11D3-BF4B-00C04F79EFBC}") = "LongestIncreasingSubsequenceQuestion", "LongestIncreasingSubsequence\LongestIncreasingSubsequenceQuestion.csproj", "{D39C07B4-89CB-4056-B725-7A1551AD3598}"
EndProject
Project("{FAE04EC0-301F-11D3-BF4B-00C04F79EFBC}") = "FirstNonRepeatingCharacterInStringQuestion", "NonRepeatingCharacter\FirstNonRepeatingCharacterInStringQuestion.csproj", "{BC522C48-A6D1-4CE9-9FD7-E9DBF4EB0927}"
EndProject
Project("{FAE04EC0-301F-11D3-BF4B-00C04F79EFBC}") = "OverlappingRectanglesQuestion", "OverlappingRectangles\OverlappingRectanglesQuestion.csproj", "{5AC98C57-1136-4456-857E-796ADE64B405}"
EndProject
Project("{FAE04EC0-301F-11D3-BF4B-00C04F79EFBC}") = "ReverseWordsInASentence", "ReverseWordsInASentence\ReverseWordsInASentence.csproj", "{AA937DB1-1509-4D50-B139-F476CA94C0E2}"
EndProject
Project("{FAE04EC0-301F-11D3-BF4B-00C04F79EFBC}") = "RobotGrid", "RobotGrid\RobotGrid.csproj", "{6EDA3A72-B87C-471A-8181-7E2E0A03A873}"
EndProject
Project("{FAE04EC0-301F-11D3-BF4B-00C04F79EFBC}") = "QueueTaleOfTwoStacks", "QueueTaleOfTwoStacks\QueueTaleOfTwoStacks.csproj", "{55EA4F01-A26B-4617-9084-F611018CBD61}"
EndProject
Project("{FAE04EC0-301F-11D3-BF4B-00C04F79EFBC}") = "TheMaximumNumberWithAllDigitsInANumber", "TheMaximumNumberWithAllDigitsInANumber\TheMaximumNumberWithAllDigitsInANumber.csproj", "{C3C2F4DE-E3B6-4CE7-9479-31B90FFD8FAF}"
EndProject
Project("{FAE04EC0-301F-11D3-BF4B-00C04F79EFBC}") = "SumTreeQuestion", "SumTree\SumTreeQuestion.csproj", "{C89EB85F-83F9-435A-8914-3E3B912E2F53}"
EndProject
Project("{FAE04EC0-301F-11D3-BF4B-00C04F79EFBC}") = "StackMinimumQuestion", "StackMinimumQuestion\StackMinimumQuestion.csproj", "{3C5AD6E6-B303-459A-867C-59D439B7DE76}"
EndProject
Project("{2150E333-8FDC-42A3-9474-1A3956D46DE8}") = "Solution Items", "Solution Items", "{27CB879C-6B9E-45B2-9333-1630FD98F79C}"
	ProjectSection(SolutionItems) = preProject
		LICENSE = LICENSE
		README.md = README.md
	EndProjectSection
EndProject
Project("{FAE04EC0-301F-11D3-BF4B-00C04F79EFBC}") = "EggDropTrialQuestion", "EggDropTrialQuestion\EggDropTrialQuestion.csproj", "{C788EAE6-D9DD-473F-A551-62DFD2EE2689}"
EndProject
Project("{FAE04EC0-301F-11D3-BF4B-00C04F79EFBC}") = "LinkedListMergeSort", "LinkedListMergeSort\LinkedListMergeSort.csproj", "{C6226CB8-76F1-476F-A13E-C0F4F44490FD}"
EndProject
Project("{FAE04EC0-301F-11D3-BF4B-00C04F79EFBC}") = "UtopianTree", "UtopianTree\UtopianTree.csproj", "{BE92673E-8C06-4D11-9970-5F0D682A66C8}"
EndProject
Project("{FAE04EC0-301F-11D3-BF4B-00C04F79EFBC}") = "FirstRepeatedWordInASentence", "FirstRepeatedWordInASentence\FirstRepeatedWordInASentence.csproj", "{74AC33E6-0130-4D4A-96CE-0F8E0E67A9A5}"
EndProject
Project("{FAE04EC0-301F-11D3-BF4B-00C04F79EFBC}") = "ConvertNumberIntoWords", "ConvertNumberIntoWords\ConvertNumberIntoWords.csproj", "{1FEC05BA-0651-4D07-AA5B-967351B30A94}"
EndProject
Project("{FAE04EC0-301F-11D3-BF4B-00C04F79EFBC}") = "DavisStairs", "DavisStairs\DavisStairs.csproj", "{708B40A7-58B7-467C-A09E-E33A1B51715A}"
EndProject
Project("{FAE04EC0-301F-11D3-BF4B-00C04F79EFBC}") = "CTCI-LinkedList", "CTCI-LinkedList\CTCI-LinkedList.csproj", "{6CCEE05A-70C9-4AE6-B497-74C300106E56}"
EndProject
Project("{FAE04EC0-301F-11D3-BF4B-00C04F79EFBC}") = "CTCI-ArraysAndStrings", "CTCI-ArraysAndStrings\CTCI-ArraysAndStrings.csproj", "{EDBEBA2A-07A5-4AE0-9A04-05E8ED0EEDF0}"
EndProject
Project("{FAE04EC0-301F-11D3-BF4B-00C04F79EFBC}") = "ArrayPairSumK", "ArrayPairSumK\ArrayPairSumK.csproj", "{6041ACE6-0CE2-4D07-B157-48D06C412785}"
EndProject
Project("{FAE04EC0-301F-11D3-BF4B-00C04F79EFBC}") = "ShoppingCheckout", "ShoppingCheckout\ShoppingCheckout.csproj", "{0ACEEA37-92F1-4157-A7A1-FE80F2CEF3EA}"
EndProject
Global
	GlobalSection(SolutionConfigurationPlatforms) = preSolution
		Debug|Any CPU = Debug|Any CPU
		Release|Any CPU = Release|Any CPU
	EndGlobalSection
	GlobalSection(ProjectConfigurationPlatforms) = postSolution
		{19D8E13B-541E-4041-9CBD-B1EDD94F0C56}.Debug|Any CPU.ActiveCfg = Debug|Any CPU
		{19D8E13B-541E-4041-9CBD-B1EDD94F0C56}.Debug|Any CPU.Build.0 = Debug|Any CPU
		{19D8E13B-541E-4041-9CBD-B1EDD94F0C56}.Release|Any CPU.ActiveCfg = Release|Any CPU
		{19D8E13B-541E-4041-9CBD-B1EDD94F0C56}.Release|Any CPU.Build.0 = Release|Any CPU
		{5E3D7836-38A6-4AB5-B23D-C4BC6A6C945D}.Debug|Any CPU.ActiveCfg = Debug|Any CPU
		{5E3D7836-38A6-4AB5-B23D-C4BC6A6C945D}.Debug|Any CPU.Build.0 = Debug|Any CPU
		{5E3D7836-38A6-4AB5-B23D-C4BC6A6C945D}.Release|Any CPU.ActiveCfg = Release|Any CPU
		{5E3D7836-38A6-4AB5-B23D-C4BC6A6C945D}.Release|Any CPU.Build.0 = Release|Any CPU
		{0310D9CE-E7AA-4093-9CF2-12760EE6AFCB}.Debug|Any CPU.ActiveCfg = Debug|Any CPU
		{0310D9CE-E7AA-4093-9CF2-12760EE6AFCB}.Debug|Any CPU.Build.0 = Debug|Any CPU
		{0310D9CE-E7AA-4093-9CF2-12760EE6AFCB}.Release|Any CPU.ActiveCfg = Release|Any CPU
		{0310D9CE-E7AA-4093-9CF2-12760EE6AFCB}.Release|Any CPU.Build.0 = Release|Any CPU
		{5FF14875-31CE-44B7-93D3-1EFECCC2075F}.Debug|Any CPU.ActiveCfg = Debug|Any CPU
		{5FF14875-31CE-44B7-93D3-1EFECCC2075F}.Debug|Any CPU.Build.0 = Debug|Any CPU
		{5FF14875-31CE-44B7-93D3-1EFECCC2075F}.Release|Any CPU.ActiveCfg = Release|Any CPU
		{5FF14875-31CE-44B7-93D3-1EFECCC2075F}.Release|Any CPU.Build.0 = Release|Any CPU
		{77D249AB-C8E8-4530-99FB-D75E91000A64}.Debug|Any CPU.ActiveCfg = Debug|Any CPU
		{77D249AB-C8E8-4530-99FB-D75E91000A64}.Debug|Any CPU.Build.0 = Debug|Any CPU
		{77D249AB-C8E8-4530-99FB-D75E91000A64}.Release|Any CPU.ActiveCfg = Release|Any CPU
		{77D249AB-C8E8-4530-99FB-D75E91000A64}.Release|Any CPU.Build.0 = Release|Any CPU
		{1BC2D3A0-A4A2-4CA2-8911-A80CE779F4AD}.Debug|Any CPU.ActiveCfg = Debug|Any CPU
		{1BC2D3A0-A4A2-4CA2-8911-A80CE779F4AD}.Debug|Any CPU.Build.0 = Debug|Any CPU
		{1BC2D3A0-A4A2-4CA2-8911-A80CE779F4AD}.Release|Any CPU.ActiveCfg = Release|Any CPU
		{1BC2D3A0-A4A2-4CA2-8911-A80CE779F4AD}.Release|Any CPU.Build.0 = Release|Any CPU
		{D6E48D64-A0B1-40D7-9B18-732C1E8E7A2D}.Debug|Any CPU.ActiveCfg = Debug|Any CPU
		{D6E48D64-A0B1-40D7-9B18-732C1E8E7A2D}.Debug|Any CPU.Build.0 = Debug|Any CPU
		{D6E48D64-A0B1-40D7-9B18-732C1E8E7A2D}.Release|Any CPU.ActiveCfg = Release|Any CPU
		{D6E48D64-A0B1-40D7-9B18-732C1E8E7A2D}.Release|Any CPU.Build.0 = Release|Any CPU
		{D39C07B4-89CB-4056-B725-7A1551AD3598}.Debug|Any CPU.ActiveCfg = Debug|Any CPU
		{D39C07B4-89CB-4056-B725-7A1551AD3598}.Debug|Any CPU.Build.0 = Debug|Any CPU
		{D39C07B4-89CB-4056-B725-7A1551AD3598}.Release|Any CPU.ActiveCfg = Release|Any CPU
		{D39C07B4-89CB-4056-B725-7A1551AD3598}.Release|Any CPU.Build.0 = Release|Any CPU
		{BC522C48-A6D1-4CE9-9FD7-E9DBF4EB0927}.Debug|Any CPU.ActiveCfg = Debug|Any CPU
		{BC522C48-A6D1-4CE9-9FD7-E9DBF4EB0927}.Debug|Any CPU.Build.0 = Debug|Any CPU
		{BC522C48-A6D1-4CE9-9FD7-E9DBF4EB0927}.Release|Any CPU.ActiveCfg = Release|Any CPU
		{BC522C48-A6D1-4CE9-9FD7-E9DBF4EB0927}.Release|Any CPU.Build.0 = Release|Any CPU
		{5AC98C57-1136-4456-857E-796ADE64B405}.Debug|Any CPU.ActiveCfg = Debug|Any CPU
		{5AC98C57-1136-4456-857E-796ADE64B405}.Debug|Any CPU.Build.0 = Debug|Any CPU
		{5AC98C57-1136-4456-857E-796ADE64B405}.Release|Any CPU.ActiveCfg = Release|Any CPU
		{5AC98C57-1136-4456-857E-796ADE64B405}.Release|Any CPU.Build.0 = Release|Any CPU
		{AA937DB1-1509-4D50-B139-F476CA94C0E2}.Debug|Any CPU.ActiveCfg = Debug|Any CPU
		{AA937DB1-1509-4D50-B139-F476CA94C0E2}.Debug|Any CPU.Build.0 = Debug|Any CPU
		{AA937DB1-1509-4D50-B139-F476CA94C0E2}.Release|Any CPU.ActiveCfg = Release|Any CPU
		{AA937DB1-1509-4D50-B139-F476CA94C0E2}.Release|Any CPU.Build.0 = Release|Any CPU
		{6EDA3A72-B87C-471A-8181-7E2E0A03A873}.Debug|Any CPU.ActiveCfg = Debug|Any CPU
		{6EDA3A72-B87C-471A-8181-7E2E0A03A873}.Debug|Any CPU.Build.0 = Debug|Any CPU
		{6EDA3A72-B87C-471A-8181-7E2E0A03A873}.Release|Any CPU.ActiveCfg = Release|Any CPU
		{6EDA3A72-B87C-471A-8181-7E2E0A03A873}.Release|Any CPU.Build.0 = Release|Any CPU
		{55EA4F01-A26B-4617-9084-F611018CBD61}.Debug|Any CPU.ActiveCfg = Debug|Any CPU
		{55EA4F01-A26B-4617-9084-F611018CBD61}.Debug|Any CPU.Build.0 = Debug|Any CPU
		{55EA4F01-A26B-4617-9084-F611018CBD61}.Release|Any CPU.ActiveCfg = Release|Any CPU
		{55EA4F01-A26B-4617-9084-F611018CBD61}.Release|Any CPU.Build.0 = Release|Any CPU
		{C3C2F4DE-E3B6-4CE7-9479-31B90FFD8FAF}.Debug|Any CPU.ActiveCfg = Debug|Any CPU
		{C3C2F4DE-E3B6-4CE7-9479-31B90FFD8FAF}.Debug|Any CPU.Build.0 = Debug|Any CPU
		{C3C2F4DE-E3B6-4CE7-9479-31B90FFD8FAF}.Release|Any CPU.ActiveCfg = Release|Any CPU
		{C3C2F4DE-E3B6-4CE7-9479-31B90FFD8FAF}.Release|Any CPU.Build.0 = Release|Any CPU
		{C89EB85F-83F9-435A-8914-3E3B912E2F53}.Debug|Any CPU.ActiveCfg = Debug|Any CPU
		{C89EB85F-83F9-435A-8914-3E3B912E2F53}.Debug|Any CPU.Build.0 = Debug|Any CPU
		{C89EB85F-83F9-435A-8914-3E3B912E2F53}.Release|Any CPU.ActiveCfg = Release|Any CPU
		{C89EB85F-83F9-435A-8914-3E3B912E2F53}.Release|Any CPU.Build.0 = Release|Any CPU
		{3C5AD6E6-B303-459A-867C-59D439B7DE76}.Debug|Any CPU.ActiveCfg = Debug|Any CPU
		{3C5AD6E6-B303-459A-867C-59D439B7DE76}.Debug|Any CPU.Build.0 = Debug|Any CPU
		{3C5AD6E6-B303-459A-867C-59D439B7DE76}.Release|Any CPU.ActiveCfg = Release|Any CPU
		{3C5AD6E6-B303-459A-867C-59D439B7DE76}.Release|Any CPU.Build.0 = Release|Any CPU
		{C788EAE6-D9DD-473F-A551-62DFD2EE2689}.Debug|Any CPU.ActiveCfg = Debug|Any CPU
		{C788EAE6-D9DD-473F-A551-62DFD2EE2689}.Debug|Any CPU.Build.0 = Debug|Any CPU
		{C788EAE6-D9DD-473F-A551-62DFD2EE2689}.Release|Any CPU.ActiveCfg = Release|Any CPU
		{C788EAE6-D9DD-473F-A551-62DFD2EE2689}.Release|Any CPU.Build.0 = Release|Any CPU
		{C6226CB8-76F1-476F-A13E-C0F4F44490FD}.Debug|Any CPU.ActiveCfg = Debug|Any CPU
		{C6226CB8-76F1-476F-A13E-C0F4F44490FD}.Debug|Any CPU.Build.0 = Debug|Any CPU
		{C6226CB8-76F1-476F-A13E-C0F4F44490FD}.Release|Any CPU.ActiveCfg = Release|Any CPU
		{C6226CB8-76F1-476F-A13E-C0F4F44490FD}.Release|Any CPU.Build.0 = Release|Any CPU
		{BE92673E-8C06-4D11-9970-5F0D682A66C8}.Debug|Any CPU.ActiveCfg = Debug|Any CPU
		{BE92673E-8C06-4D11-9970-5F0D682A66C8}.Debug|Any CPU.Build.0 = Debug|Any CPU
		{BE92673E-8C06-4D11-9970-5F0D682A66C8}.Release|Any CPU.ActiveCfg = Release|Any CPU
		{BE92673E-8C06-4D11-9970-5F0D682A66C8}.Release|Any CPU.Build.0 = Release|Any CPU
		{74AC33E6-0130-4D4A-96CE-0F8E0E67A9A5}.Debug|Any CPU.ActiveCfg = Debug|Any CPU
		{74AC33E6-0130-4D4A-96CE-0F8E0E67A9A5}.Debug|Any CPU.Build.0 = Debug|Any CPU
		{74AC33E6-0130-4D4A-96CE-0F8E0E67A9A5}.Release|Any CPU.ActiveCfg = Release|Any CPU
		{74AC33E6-0130-4D4A-96CE-0F8E0E67A9A5}.Release|Any CPU.Build.0 = Release|Any CPU
		{1FEC05BA-0651-4D07-AA5B-967351B30A94}.Debug|Any CPU.ActiveCfg = Debug|Any CPU
		{1FEC05BA-0651-4D07-AA5B-967351B30A94}.Debug|Any CPU.Build.0 = Debug|Any CPU
		{1FEC05BA-0651-4D07-AA5B-967351B30A94}.Release|Any CPU.ActiveCfg = Release|Any CPU
		{1FEC05BA-0651-4D07-AA5B-967351B30A94}.Release|Any CPU.Build.0 = Release|Any CPU
		{708B40A7-58B7-467C-A09E-E33A1B51715A}.Debug|Any CPU.ActiveCfg = Debug|Any CPU
		{708B40A7-58B7-467C-A09E-E33A1B51715A}.Debug|Any CPU.Build.0 = Debug|Any CPU
		{708B40A7-58B7-467C-A09E-E33A1B51715A}.Release|Any CPU.ActiveCfg = Release|Any CPU
		{708B40A7-58B7-467C-A09E-E33A1B51715A}.Release|Any CPU.Build.0 = Release|Any CPU
		{6CCEE05A-70C9-4AE6-B497-74C300106E56}.Debug|Any CPU.ActiveCfg = Debug|Any CPU
		{6CCEE05A-70C9-4AE6-B497-74C300106E56}.Debug|Any CPU.Build.0 = Debug|Any CPU
		{6CCEE05A-70C9-4AE6-B497-74C300106E56}.Release|Any CPU.ActiveCfg = Release|Any CPU
		{6CCEE05A-70C9-4AE6-B497-74C300106E56}.Release|Any CPU.Build.0 = Release|Any CPU
		{EDBEBA2A-07A5-4AE0-9A04-05E8ED0EEDF0}.Debug|Any CPU.ActiveCfg = Debug|Any CPU
		{EDBEBA2A-07A5-4AE0-9A04-05E8ED0EEDF0}.Debug|Any CPU.Build.0 = Debug|Any CPU
		{EDBEBA2A-07A5-4AE0-9A04-05E8ED0EEDF0}.Release|Any CPU.ActiveCfg = Release|Any CPU
		{EDBEBA2A-07A5-4AE0-9A04-05E8ED0EEDF0}.Release|Any CPU.Build.0 = Release|Any CPU
		{6041ACE6-0CE2-4D07-B157-48D06C412785}.Debug|Any CPU.ActiveCfg = Debug|Any CPU
		{6041ACE6-0CE2-4D07-B157-48D06C412785}.Debug|Any CPU.Build.0 = Debug|Any CPU
		{6041ACE6-0CE2-4D07-B157-48D06C412785}.Release|Any CPU.ActiveCfg = Release|Any CPU
		{6041ACE6-0CE2-4D07-B157-48D06C412785}.Release|Any CPU.Build.0 = Release|Any CPU
		{0ACEEA37-92F1-4157-A7A1-FE80F2CEF3EA}.Debug|Any CPU.ActiveCfg = Debug|Any CPU
		{0ACEEA37-92F1-4157-A7A1-FE80F2CEF3EA}.Debug|Any CPU.Build.0 = Debug|Any CPU
		{0ACEEA37-92F1-4157-A7A1-FE80F2CEF3EA}.Release|Any CPU.ActiveCfg = Release|Any CPU
		{0ACEEA37-92F1-4157-A7A1-FE80F2CEF3EA}.Release|Any CPU.Build.0 = Release|Any CPU
	EndGlobalSection
	GlobalSection(SolutionProperties) = preSolution
		HideSolutionNode = FALSE
	EndGlobalSection
	GlobalSection(ExtensibilityGlobals) = postSolution
		SolutionGuid = {B980BB49-A35D-41A3-9370-A3F70EF23DF2}
	EndGlobalSection
EndGlobal
